// !$*UTF8*$!
{
	archiveVersion = 1;
	classes = {
	};
	objectVersion = 50;
	objects = {

/* Begin PBXBuildFile section */
		2BAA1E1558EC346120FC6A0E /* Pods_SpartanPushUps.framework in Frameworks */ = {isa = PBXBuildFile; fileRef = 9DA52866856CCB60BEB49573 /* Pods_SpartanPushUps.framework */; };
		8313FEF222B6658E00400EF9 /* DataHandler.swift in Sources */ = {isa = PBXBuildFile; fileRef = 8313FEF122B6658E00400EF9 /* DataHandler.swift */; };
		8346467D22A530F300FAF1C5 /* bg.png in Resources */ = {isa = PBXBuildFile; fileRef = 8346467C22A530F300FAF1C5 /* bg.png */; };
		8346468122A5314500FAF1C5 /* Config.swift in Sources */ = {isa = PBXBuildFile; fileRef = 8346468022A5314500FAF1C5 /* Config.swift */; };
		8346468322A5461C00FAF1C5 /* Extensions.swift in Sources */ = {isa = PBXBuildFile; fileRef = 8346468222A5461C00FAF1C5 /* Extensions.swift */; };
		835DAD5122A12C6300E2C253 /* AppDelegate.swift in Sources */ = {isa = PBXBuildFile; fileRef = 835DAD5022A12C6300E2C253 /* AppDelegate.swift */; };
		835DAD5322A12C6300E2C253 /* MainViewController.swift in Sources */ = {isa = PBXBuildFile; fileRef = 835DAD5222A12C6300E2C253 /* MainViewController.swift */; };
		835DAD5822A12C6600E2C253 /* Assets.xcassets in Resources */ = {isa = PBXBuildFile; fileRef = 835DAD5722A12C6600E2C253 /* Assets.xcassets */; };
		835DAD5B22A12C6600E2C253 /* LaunchScreen.storyboard in Resources */ = {isa = PBXBuildFile; fileRef = 835DAD5922A12C6600E2C253 /* LaunchScreen.storyboard */; };
		835DAD6622A12C6700E2C253 /* SpartanPushUpsTests.swift in Sources */ = {isa = PBXBuildFile; fileRef = 835DAD6522A12C6700E2C253 /* SpartanPushUpsTests.swift */; };
		835DAD7122A12C6700E2C253 /* SpartanPushUpsUITests.swift in Sources */ = {isa = PBXBuildFile; fileRef = 835DAD7022A12C6700E2C253 /* SpartanPushUpsUITests.swift */; };
		836330BE22BD02430055B26F /* SetupViewrModel.swift in Sources */ = {isa = PBXBuildFile; fileRef = 836330BD22BD02430055B26F /* SetupViewrModel.swift */; };
		836330C022BD05C00055B26F /* TabPicker.swift in Sources */ = {isa = PBXBuildFile; fileRef = 836330BF22BD05C00055B26F /* TabPicker.swift */; };
		836330C322BD0E7C0055B26F /* Exo-Italic.ttf in Resources */ = {isa = PBXBuildFile; fileRef = 836330C122BD0E7B0055B26F /* Exo-Italic.ttf */; };
		836330C422BD0E7C0055B26F /* Exo-SemiBoldItalic.ttf in Resources */ = {isa = PBXBuildFile; fileRef = 836330C222BD0E7C0055B26F /* Exo-SemiBoldItalic.ttf */; };
		836330C622BD169C0055B26F /* eye24.png in Resources */ = {isa = PBXBuildFile; fileRef = 836330C522BD169C0055B26F /* eye24.png */; };
		8367F49B22A55BE700D68C2E /* SetupViewController.swift in Sources */ = {isa = PBXBuildFile; fileRef = 8367F49A22A55BE700D68C2E /* SetupViewController.swift */; };
		8367F49D22A561CE00D68C2E /* Neon.swift in Sources */ = {isa = PBXBuildFile; fileRef = 8367F49C22A561CE00D68C2E /* Neon.swift */; };
		8367F49F22A56CED00D68C2E /* DeviceProperties.swift in Sources */ = {isa = PBXBuildFile; fileRef = 8367F49E22A56CED00D68C2E /* DeviceProperties.swift */; };
		8367F4A122A57DFC00D68C2E /* Default-568h@2x.png in Resources */ = {isa = PBXBuildFile; fileRef = 8367F4A022A57DFC00D68C2E /* Default-568h@2x.png */; };
		836F8F0F22AA6E790020726B /* RoundNodeSeries.swift in Sources */ = {isa = PBXBuildFile; fileRef = 836F8F0E22AA6E780020726B /* RoundNodeSeries.swift */; };
		838AD21822BB911F0051F9F5 /* VideoPlayer.swift in Sources */ = {isa = PBXBuildFile; fileRef = 838AD21722BB911F0051F9F5 /* VideoPlayer.swift */; };
		83C63C2F22A94542003B911A /* ProgressBarView.swift in Sources */ = {isa = PBXBuildFile; fileRef = 83C63C2E22A94542003B911A /* ProgressBarView.swift */; };
		83E8BEA422AF8EDD0050E201 /* AudioPlayer.swift in Sources */ = {isa = PBXBuildFile; fileRef = 83E8BEA322AF8EDD0050E201 /* AudioPlayer.swift */; };
		83E8BEA622AFA8D70050E201 /* bg-circle.png in Resources */ = {isa = PBXBuildFile; fileRef = 83E8BEA522AFA8D60050E201 /* bg-circle.png */; };
		83E8BEAA22AFA9260050E201 /* finish_beeb.wav in Resources */ = {isa = PBXBuildFile; fileRef = 83E8BEA822AFA9250050E201 /* finish_beeb.wav */; };
		83E8BEAB22AFA9260050E201 /* beep.wav in Resources */ = {isa = PBXBuildFile; fileRef = 83E8BEA922AFA9260050E201 /* beep.wav */; };
		83E8BEAD22AFAA430050E201 /* MainViewModel.swift in Sources */ = {isa = PBXBuildFile; fileRef = 83E8BEAC22AFAA430050E201 /* MainViewModel.swift */; };
		83EC192F22B106A6000AFE5B /* speaker.png in Resources */ = {isa = PBXBuildFile; fileRef = 83EC192E22B106A6000AFE5B /* speaker.png */; };
		CA7FDF86C5D0CECB08236F4D /* Pods_SpartanPushUpsUITests.framework in Frameworks */ = {isa = PBXBuildFile; fileRef = 21F4F4421C1E0D52902FBBB2 /* Pods_SpartanPushUpsUITests.framework */; };
		EA89BFFC11FFAE4CDFB58874 /* Pods_SpartanPushUpsTests.framework in Frameworks */ = {isa = PBXBuildFile; fileRef = 38CEB590DDEC9C911B191829 /* Pods_SpartanPushUpsTests.framework */; };
		F4F1AEBA22BA245A00CF7E08 /* Roboto-Regular.ttf in Resources */ = {isa = PBXBuildFile; fileRef = F4F1AEB822BA245A00CF7E08 /* Roboto-Regular.ttf */; };
		F4F1AEBB22BA245A00CF7E08 /* Exo-BoldItalic.ttf in Resources */ = {isa = PBXBuildFile; fileRef = F4F1AEB922BA245A00CF7E08 /* Exo-BoldItalic.ttf */; };
/* End PBXBuildFile section */

/* Begin PBXContainerItemProxy section */
		835DAD6222A12C6600E2C253 /* PBXContainerItemProxy */ = {
			isa = PBXContainerItemProxy;
			containerPortal = 835DAD4522A12C6200E2C253 /* Project object */;
			proxyType = 1;
			remoteGlobalIDString = 835DAD4C22A12C6200E2C253;
			remoteInfo = SpartanPushUps;
		};
		835DAD6D22A12C6700E2C253 /* PBXContainerItemProxy */ = {
			isa = PBXContainerItemProxy;
			containerPortal = 835DAD4522A12C6200E2C253 /* Project object */;
			proxyType = 1;
			remoteGlobalIDString = 835DAD4C22A12C6200E2C253;
			remoteInfo = SpartanPushUps;
		};
/* End PBXContainerItemProxy section */

/* Begin PBXFileReference section */
		0554D75C386AF65060B0479C /* Pods-SpartanPushUpsUITests.release.xcconfig */ = {isa = PBXFileReference; includeInIndex = 1; lastKnownFileType = text.xcconfig; name = "Pods-SpartanPushUpsUITests.release.xcconfig"; path = "Target Support Files/Pods-SpartanPushUpsUITests/Pods-SpartanPushUpsUITests.release.xcconfig"; sourceTree = "<group>"; };
		21F4F4421C1E0D52902FBBB2 /* Pods_SpartanPushUpsUITests.framework */ = {isa = PBXFileReference; explicitFileType = wrapper.framework; includeInIndex = 0; path = Pods_SpartanPushUpsUITests.framework; sourceTree = BUILT_PRODUCTS_DIR; };
		38CEB590DDEC9C911B191829 /* Pods_SpartanPushUpsTests.framework */ = {isa = PBXFileReference; explicitFileType = wrapper.framework; includeInIndex = 0; path = Pods_SpartanPushUpsTests.framework; sourceTree = BUILT_PRODUCTS_DIR; };
		6B7BAAD24A3B49E9EE9D828C /* Pods-SpartanPushUps.debug.xcconfig */ = {isa = PBXFileReference; includeInIndex = 1; lastKnownFileType = text.xcconfig; name = "Pods-SpartanPushUps.debug.xcconfig"; path = "Target Support Files/Pods-SpartanPushUps/Pods-SpartanPushUps.debug.xcconfig"; sourceTree = "<group>"; };
		8313FEF122B6658E00400EF9 /* DataHandler.swift */ = {isa = PBXFileReference; lastKnownFileType = sourcecode.swift; path = DataHandler.swift; sourceTree = "<group>"; };
		8346467C22A530F300FAF1C5 /* bg.png */ = {isa = PBXFileReference; lastKnownFileType = image.png; path = bg.png; sourceTree = "<group>"; };
		8346468022A5314500FAF1C5 /* Config.swift */ = {isa = PBXFileReference; lastKnownFileType = sourcecode.swift; path = Config.swift; sourceTree = "<group>"; };
		8346468222A5461C00FAF1C5 /* Extensions.swift */ = {isa = PBXFileReference; lastKnownFileType = sourcecode.swift; path = Extensions.swift; sourceTree = "<group>"; };
		835DAD4D22A12C6300E2C253 /* SpartanPushUps.app */ = {isa = PBXFileReference; explicitFileType = wrapper.application; includeInIndex = 0; path = SpartanPushUps.app; sourceTree = BUILT_PRODUCTS_DIR; };
		835DAD5022A12C6300E2C253 /* AppDelegate.swift */ = {isa = PBXFileReference; lastKnownFileType = sourcecode.swift; path = AppDelegate.swift; sourceTree = "<group>"; };
		835DAD5222A12C6300E2C253 /* MainViewController.swift */ = {isa = PBXFileReference; lastKnownFileType = sourcecode.swift; path = MainViewController.swift; sourceTree = "<group>"; };
		835DAD5722A12C6600E2C253 /* Assets.xcassets */ = {isa = PBXFileReference; lastKnownFileType = folder.assetcatalog; path = Assets.xcassets; sourceTree = "<group>"; };
		835DAD5A22A12C6600E2C253 /* Base */ = {isa = PBXFileReference; lastKnownFileType = file.storyboard; name = Base; path = Base.lproj/LaunchScreen.storyboard; sourceTree = "<group>"; };
		835DAD5C22A12C6600E2C253 /* Info.plist */ = {isa = PBXFileReference; lastKnownFileType = text.plist.xml; path = Info.plist; sourceTree = "<group>"; };
		835DAD6122A12C6600E2C253 /* SpartanPushUpsTests.xctest */ = {isa = PBXFileReference; explicitFileType = wrapper.cfbundle; includeInIndex = 0; path = SpartanPushUpsTests.xctest; sourceTree = BUILT_PRODUCTS_DIR; };
		835DAD6522A12C6700E2C253 /* SpartanPushUpsTests.swift */ = {isa = PBXFileReference; lastKnownFileType = sourcecode.swift; path = SpartanPushUpsTests.swift; sourceTree = "<group>"; };
		835DAD6722A12C6700E2C253 /* Info.plist */ = {isa = PBXFileReference; lastKnownFileType = text.plist.xml; path = Info.plist; sourceTree = "<group>"; };
		835DAD6C22A12C6700E2C253 /* SpartanPushUpsUITests.xctest */ = {isa = PBXFileReference; explicitFileType = wrapper.cfbundle; includeInIndex = 0; path = SpartanPushUpsUITests.xctest; sourceTree = BUILT_PRODUCTS_DIR; };
		835DAD7022A12C6700E2C253 /* SpartanPushUpsUITests.swift */ = {isa = PBXFileReference; lastKnownFileType = sourcecode.swift; path = SpartanPushUpsUITests.swift; sourceTree = "<group>"; };
		835DAD7222A12C6700E2C253 /* Info.plist */ = {isa = PBXFileReference; lastKnownFileType = text.plist.xml; path = Info.plist; sourceTree = "<group>"; };
		836330BD22BD02430055B26F /* SetupViewrModel.swift */ = {isa = PBXFileReference; lastKnownFileType = sourcecode.swift; path = SetupViewrModel.swift; sourceTree = "<group>"; };
		836330BF22BD05C00055B26F /* TabPicker.swift */ = {isa = PBXFileReference; lastKnownFileType = sourcecode.swift; path = TabPicker.swift; sourceTree = "<group>"; };
		836330C122BD0E7B0055B26F /* Exo-Italic.ttf */ = {isa = PBXFileReference; lastKnownFileType = file; path = "Exo-Italic.ttf"; sourceTree = "<group>"; };
		836330C222BD0E7C0055B26F /* Exo-SemiBoldItalic.ttf */ = {isa = PBXFileReference; lastKnownFileType = file; path = "Exo-SemiBoldItalic.ttf"; sourceTree = "<group>"; };
		836330C522BD169C0055B26F /* eye24.png */ = {isa = PBXFileReference; lastKnownFileType = image.png; path = eye24.png; sourceTree = "<group>"; };
		8367F49A22A55BE700D68C2E /* SetupViewController.swift */ = {isa = PBXFileReference; lastKnownFileType = sourcecode.swift; path = SetupViewController.swift; sourceTree = "<group>"; };
		8367F49C22A561CE00D68C2E /* Neon.swift */ = {isa = PBXFileReference; lastKnownFileType = sourcecode.swift; path = Neon.swift; sourceTree = "<group>"; };
		8367F49E22A56CED00D68C2E /* DeviceProperties.swift */ = {isa = PBXFileReference; lastKnownFileType = sourcecode.swift; path = DeviceProperties.swift; sourceTree = "<group>"; };
		8367F4A022A57DFC00D68C2E /* Default-568h@2x.png */ = {isa = PBXFileReference; lastKnownFileType = image.png; path = "Default-568h@2x.png"; sourceTree = "<group>"; };
		836F8F0E22AA6E780020726B /* RoundNodeSeries.swift */ = {isa = PBXFileReference; lastKnownFileType = sourcecode.swift; path = RoundNodeSeries.swift; sourceTree = "<group>"; };
		838AD21722BB911F0051F9F5 /* VideoPlayer.swift */ = {isa = PBXFileReference; lastKnownFileType = sourcecode.swift; path = VideoPlayer.swift; sourceTree = "<group>"; };
		83C63C2E22A94542003B911A /* ProgressBarView.swift */ = {isa = PBXFileReference; lastKnownFileType = sourcecode.swift; path = ProgressBarView.swift; sourceTree = "<group>"; };
		83E8BEA322AF8EDD0050E201 /* AudioPlayer.swift */ = {isa = PBXFileReference; lastKnownFileType = sourcecode.swift; path = AudioPlayer.swift; sourceTree = "<group>"; };
		83E8BEA522AFA8D60050E201 /* bg-circle.png */ = {isa = PBXFileReference; lastKnownFileType = image.png; path = "bg-circle.png"; sourceTree = "<group>"; };
		83E8BEA822AFA9250050E201 /* finish_beeb.wav */ = {isa = PBXFileReference; lastKnownFileType = audio.wav; path = finish_beeb.wav; sourceTree = "<group>"; };
		83E8BEA922AFA9260050E201 /* beep.wav */ = {isa = PBXFileReference; lastKnownFileType = audio.wav; path = beep.wav; sourceTree = "<group>"; };
		83E8BEAC22AFAA430050E201 /* MainViewModel.swift */ = {isa = PBXFileReference; lastKnownFileType = sourcecode.swift; path = MainViewModel.swift; sourceTree = "<group>"; };
		83EC192E22B106A6000AFE5B /* speaker.png */ = {isa = PBXFileReference; lastKnownFileType = image.png; path = speaker.png; sourceTree = "<group>"; };
		891129C041E3AA2B820559A7 /* Pods-SpartanPushUpsUITests.debug.xcconfig */ = {isa = PBXFileReference; includeInIndex = 1; lastKnownFileType = text.xcconfig; name = "Pods-SpartanPushUpsUITests.debug.xcconfig"; path = "Target Support Files/Pods-SpartanPushUpsUITests/Pods-SpartanPushUpsUITests.debug.xcconfig"; sourceTree = "<group>"; };
		92CC24832F3D06518A28FE28 /* Pods-SpartanPushUpsTests.release.xcconfig */ = {isa = PBXFileReference; includeInIndex = 1; lastKnownFileType = text.xcconfig; name = "Pods-SpartanPushUpsTests.release.xcconfig"; path = "Target Support Files/Pods-SpartanPushUpsTests/Pods-SpartanPushUpsTests.release.xcconfig"; sourceTree = "<group>"; };
		9DA52866856CCB60BEB49573 /* Pods_SpartanPushUps.framework */ = {isa = PBXFileReference; explicitFileType = wrapper.framework; includeInIndex = 0; path = Pods_SpartanPushUps.framework; sourceTree = BUILT_PRODUCTS_DIR; };
		BFA53BA2657D5C709ACDD339 /* Pods-SpartanPushUpsTests.debug.xcconfig */ = {isa = PBXFileReference; includeInIndex = 1; lastKnownFileType = text.xcconfig; name = "Pods-SpartanPushUpsTests.debug.xcconfig"; path = "Target Support Files/Pods-SpartanPushUpsTests/Pods-SpartanPushUpsTests.debug.xcconfig"; sourceTree = "<group>"; };
		C3C907DF56A9D6580A9D4633 /* Pods-SpartanPushUps.release.xcconfig */ = {isa = PBXFileReference; includeInIndex = 1; lastKnownFileType = text.xcconfig; name = "Pods-SpartanPushUps.release.xcconfig"; path = "Target Support Files/Pods-SpartanPushUps/Pods-SpartanPushUps.release.xcconfig"; sourceTree = "<group>"; };
		F4F1AEB822BA245A00CF7E08 /* Roboto-Regular.ttf */ = {isa = PBXFileReference; lastKnownFileType = file; path = "Roboto-Regular.ttf"; sourceTree = "<group>"; };
		F4F1AEB922BA245A00CF7E08 /* Exo-BoldItalic.ttf */ = {isa = PBXFileReference; lastKnownFileType = file; path = "Exo-BoldItalic.ttf"; sourceTree = "<group>"; };
/* End PBXFileReference section */

/* Begin PBXFrameworksBuildPhase section */
		835DAD4A22A12C6200E2C253 /* Frameworks */ = {
			isa = PBXFrameworksBuildPhase;
			buildActionMask = 2147483647;
			files = (
				2BAA1E1558EC346120FC6A0E /* Pods_SpartanPushUps.framework in Frameworks */,
			);
			runOnlyForDeploymentPostprocessing = 0;
		};
		835DAD5E22A12C6600E2C253 /* Frameworks */ = {
			isa = PBXFrameworksBuildPhase;
			buildActionMask = 2147483647;
			files = (
				EA89BFFC11FFAE4CDFB58874 /* Pods_SpartanPushUpsTests.framework in Frameworks */,
			);
			runOnlyForDeploymentPostprocessing = 0;
		};
		835DAD6922A12C6700E2C253 /* Frameworks */ = {
			isa = PBXFrameworksBuildPhase;
			buildActionMask = 2147483647;
			files = (
				CA7FDF86C5D0CECB08236F4D /* Pods_SpartanPushUpsUITests.framework in Frameworks */,
			);
			runOnlyForDeploymentPostprocessing = 0;
		};
/* End PBXFrameworksBuildPhase section */

/* Begin PBXGroup section */
		8346467A22A52D0100FAF1C5 /* Assets */ = {
			isa = PBXGroup;
			children = (
				F4F1AEB722BA245A00CF7E08 /* Fonts */,
				83E8BEA722AFA8F40050E201 /* Sounds */,
				8346467B22A52E9B00FAF1C5 /* Images */,
			);
			path = Assets;
			sourceTree = "<group>";
		};
		8346467B22A52E9B00FAF1C5 /* Images */ = {
			isa = PBXGroup;
			children = (
				83EC192E22B106A6000AFE5B /* speaker.png */,
				8346467C22A530F300FAF1C5 /* bg.png */,
				83E8BEA522AFA8D60050E201 /* bg-circle.png */,
				836330C522BD169C0055B26F /* eye24.png */,
			);
			path = Images;
			sourceTree = "<group>";
		};
		8346467F22A5312400FAF1C5 /* AppConfig */ = {
			isa = PBXGroup;
			children = (
				8346468022A5314500FAF1C5 /* Config.swift */,
				8346468222A5461C00FAF1C5 /* Extensions.swift */,
				8367F49C22A561CE00D68C2E /* Neon.swift */,
				8367F49E22A56CED00D68C2E /* DeviceProperties.swift */,
			);
			path = AppConfig;
			sourceTree = "<group>";
		};
		835DAD4422A12C6200E2C253 = {
			isa = PBXGroup;
			children = (
				8367F4A022A57DFC00D68C2E /* Default-568h@2x.png */,
				835DAD4F22A12C6300E2C253 /* SpartanPushUps */,
				835DAD6422A12C6600E2C253 /* SpartanPushUpsTests */,
				835DAD6F22A12C6700E2C253 /* SpartanPushUpsUITests */,
				835DAD4E22A12C6300E2C253 /* Products */,
				AA91517A144E168C38DDD322 /* Pods */,
				DC96363AD1EEE30EBCEB635E /* Frameworks */,
			);
			sourceTree = "<group>";
		};
		835DAD4E22A12C6300E2C253 /* Products */ = {
			isa = PBXGroup;
			children = (
				835DAD4D22A12C6300E2C253 /* SpartanPushUps.app */,
				835DAD6122A12C6600E2C253 /* SpartanPushUpsTests.xctest */,
				835DAD6C22A12C6700E2C253 /* SpartanPushUpsUITests.xctest */,
			);
			name = Products;
			sourceTree = "<group>";
		};
		835DAD4F22A12C6300E2C253 /* SpartanPushUps */ = {
			isa = PBXGroup;
			children = (
				8346467F22A5312400FAF1C5 /* AppConfig */,
				8346467A22A52D0100FAF1C5 /* Assets */,
				835DAD5022A12C6300E2C253 /* AppDelegate.swift */,
				835DAD5222A12C6300E2C253 /* MainViewController.swift */,
				83E8BEAC22AFAA430050E201 /* MainViewModel.swift */,
				8367F49A22A55BE700D68C2E /* SetupViewController.swift */,
				836330BD22BD02430055B26F /* SetupViewrModel.swift */,
				83C63C2E22A94542003B911A /* ProgressBarView.swift */,
				83E8BEA322AF8EDD0050E201 /* AudioPlayer.swift */,
				838AD21722BB911F0051F9F5 /* VideoPlayer.swift */,
				836F8F0E22AA6E780020726B /* RoundNodeSeries.swift */,
				8313FEF122B6658E00400EF9 /* DataHandler.swift */,
				836330BF22BD05C00055B26F /* TabPicker.swift */,
				835DAD5722A12C6600E2C253 /* Assets.xcassets */,
				835DAD5922A12C6600E2C253 /* LaunchScreen.storyboard */,
				835DAD5C22A12C6600E2C253 /* Info.plist */,
			);
			path = SpartanPushUps;
			sourceTree = "<group>";
		};
		835DAD6422A12C6600E2C253 /* SpartanPushUpsTests */ = {
			isa = PBXGroup;
			children = (
				835DAD6522A12C6700E2C253 /* SpartanPushUpsTests.swift */,
				835DAD6722A12C6700E2C253 /* Info.plist */,
			);
			path = SpartanPushUpsTests;
			sourceTree = "<group>";
		};
		835DAD6F22A12C6700E2C253 /* SpartanPushUpsUITests */ = {
			isa = PBXGroup;
			children = (
				835DAD7022A12C6700E2C253 /* SpartanPushUpsUITests.swift */,
				835DAD7222A12C6700E2C253 /* Info.plist */,
			);
			path = SpartanPushUpsUITests;
			sourceTree = "<group>";
		};
		83E8BEA722AFA8F40050E201 /* Sounds */ = {
			isa = PBXGroup;
			children = (
				83E8BEA922AFA9260050E201 /* beep.wav */,
				83E8BEA822AFA9250050E201 /* finish_beeb.wav */,
			);
			path = Sounds;
			sourceTree = "<group>";
		};
		AA91517A144E168C38DDD322 /* Pods */ = {
			isa = PBXGroup;
			children = (
				6B7BAAD24A3B49E9EE9D828C /* Pods-SpartanPushUps.debug.xcconfig */,
				C3C907DF56A9D6580A9D4633 /* Pods-SpartanPushUps.release.xcconfig */,
				BFA53BA2657D5C709ACDD339 /* Pods-SpartanPushUpsTests.debug.xcconfig */,
				92CC24832F3D06518A28FE28 /* Pods-SpartanPushUpsTests.release.xcconfig */,
				891129C041E3AA2B820559A7 /* Pods-SpartanPushUpsUITests.debug.xcconfig */,
				0554D75C386AF65060B0479C /* Pods-SpartanPushUpsUITests.release.xcconfig */,
			);
			path = Pods;
			sourceTree = "<group>";
		};
		DC96363AD1EEE30EBCEB635E /* Frameworks */ = {
			isa = PBXGroup;
			children = (
				9DA52866856CCB60BEB49573 /* Pods_SpartanPushUps.framework */,
				38CEB590DDEC9C911B191829 /* Pods_SpartanPushUpsTests.framework */,
				21F4F4421C1E0D52902FBBB2 /* Pods_SpartanPushUpsUITests.framework */,
			);
			name = Frameworks;
			sourceTree = "<group>";
		};
		F4F1AEB722BA245A00CF7E08 /* Fonts */ = {
			isa = PBXGroup;
			children = (
				F4F1AEB822BA245A00CF7E08 /* Roboto-Regular.ttf */,
				F4F1AEB922BA245A00CF7E08 /* Exo-BoldItalic.ttf */,
				836330C122BD0E7B0055B26F /* Exo-Italic.ttf */,
				836330C222BD0E7C0055B26F /* Exo-SemiBoldItalic.ttf */,
			);
			path = Fonts;
			sourceTree = "<group>";
		};
/* End PBXGroup section */

/* Begin PBXNativeTarget section */
		835DAD4C22A12C6200E2C253 /* SpartanPushUps */ = {
			isa = PBXNativeTarget;
			buildConfigurationList = 835DAD7522A12C6700E2C253 /* Build configuration list for PBXNativeTarget "SpartanPushUps" */;
			buildPhases = (
				1E3365F2CFEC57A1487A1840 /* [CP] Check Pods Manifest.lock */,
				835DAD4922A12C6200E2C253 /* Sources */,
				835DAD4A22A12C6200E2C253 /* Frameworks */,
				835DAD4B22A12C6200E2C253 /* Resources */,
			);
			buildRules = (
			);
			dependencies = (
			);
			name = SpartanPushUps;
			productName = SpartanPushUps;
			productReference = 835DAD4D22A12C6300E2C253 /* SpartanPushUps.app */;
			productType = "com.apple.product-type.application";
		};
		835DAD6022A12C6600E2C253 /* SpartanPushUpsTests */ = {
			isa = PBXNativeTarget;
			buildConfigurationList = 835DAD7822A12C6700E2C253 /* Build configuration list for PBXNativeTarget "SpartanPushUpsTests" */;
			buildPhases = (
				B2E1A9C418917914EC8D6B0D /* [CP] Check Pods Manifest.lock */,
				835DAD5D22A12C6600E2C253 /* Sources */,
				835DAD5E22A12C6600E2C253 /* Frameworks */,
				835DAD5F22A12C6600E2C253 /* Resources */,
			);
			buildRules = (
			);
			dependencies = (
				835DAD6322A12C6600E2C253 /* PBXTargetDependency */,
			);
			name = SpartanPushUpsTests;
			productName = SpartanPushUpsTests;
			productReference = 835DAD6122A12C6600E2C253 /* SpartanPushUpsTests.xctest */;
			productType = "com.apple.product-type.bundle.unit-test";
		};
		835DAD6B22A12C6700E2C253 /* SpartanPushUpsUITests */ = {
			isa = PBXNativeTarget;
			buildConfigurationList = 835DAD7B22A12C6700E2C253 /* Build configuration list for PBXNativeTarget "SpartanPushUpsUITests" */;
			buildPhases = (
				2530DE9A2CA116B1E2984E04 /* [CP] Check Pods Manifest.lock */,
				835DAD6822A12C6700E2C253 /* Sources */,
				835DAD6922A12C6700E2C253 /* Frameworks */,
				835DAD6A22A12C6700E2C253 /* Resources */,
			);
			buildRules = (
			);
			dependencies = (
				835DAD6E22A12C6700E2C253 /* PBXTargetDependency */,
			);
			name = SpartanPushUpsUITests;
			productName = SpartanPushUpsUITests;
			productReference = 835DAD6C22A12C6700E2C253 /* SpartanPushUpsUITests.xctest */;
			productType = "com.apple.product-type.bundle.ui-testing";
		};
/* End PBXNativeTarget section */

/* Begin PBXProject section */
		835DAD4522A12C6200E2C253 /* Project object */ = {
			isa = PBXProject;
			attributes = {
				LastSwiftUpdateCheck = 1010;
				LastUpgradeCheck = 1010;
				ORGANIZATIONNAME = "Rijad Babovic";
				TargetAttributes = {
					835DAD4C22A12C6200E2C253 = {
						CreatedOnToolsVersion = 10.1;
					};
					835DAD6022A12C6600E2C253 = {
						CreatedOnToolsVersion = 10.1;
						TestTargetID = 835DAD4C22A12C6200E2C253;
					};
					835DAD6B22A12C6700E2C253 = {
						CreatedOnToolsVersion = 10.1;
						TestTargetID = 835DAD4C22A12C6200E2C253;
					};
				};
			};
			buildConfigurationList = 835DAD4822A12C6200E2C253 /* Build configuration list for PBXProject "SpartanPushUps" */;
			compatibilityVersion = "Xcode 9.3";
			developmentRegion = en;
			hasScannedForEncodings = 0;
			knownRegions = (
				en,
				Base,
			);
			mainGroup = 835DAD4422A12C6200E2C253;
			productRefGroup = 835DAD4E22A12C6300E2C253 /* Products */;
			projectDirPath = "";
			projectRoot = "";
			targets = (
				835DAD4C22A12C6200E2C253 /* SpartanPushUps */,
				835DAD6022A12C6600E2C253 /* SpartanPushUpsTests */,
				835DAD6B22A12C6700E2C253 /* SpartanPushUpsUITests */,
			);
		};
/* End PBXProject section */

/* Begin PBXResourcesBuildPhase section */
		835DAD4B22A12C6200E2C253 /* Resources */ = {
			isa = PBXResourcesBuildPhase;
			buildActionMask = 2147483647;
			files = (
				836330C322BD0E7C0055B26F /* Exo-Italic.ttf in Resources */,
				F4F1AEBB22BA245A00CF7E08 /* Exo-BoldItalic.ttf in Resources */,
				835DAD5B22A12C6600E2C253 /* LaunchScreen.storyboard in Resources */,
				83E8BEAA22AFA9260050E201 /* finish_beeb.wav in Resources */,
				836330C422BD0E7C0055B26F /* Exo-SemiBoldItalic.ttf in Resources */,
				836330C622BD169C0055B26F /* eye24.png in Resources */,
				83E8BEA622AFA8D70050E201 /* bg-circle.png in Resources */,
				8367F4A122A57DFC00D68C2E /* Default-568h@2x.png in Resources */,
				83E8BEAB22AFA9260050E201 /* beep.wav in Resources */,
				835DAD5822A12C6600E2C253 /* Assets.xcassets in Resources */,
				F4F1AEBA22BA245A00CF7E08 /* Roboto-Regular.ttf in Resources */,
				8346467D22A530F300FAF1C5 /* bg.png in Resources */,
				83EC192F22B106A6000AFE5B /* speaker.png in Resources */,
			);
			runOnlyForDeploymentPostprocessing = 0;
		};
		835DAD5F22A12C6600E2C253 /* Resources */ = {
			isa = PBXResourcesBuildPhase;
			buildActionMask = 2147483647;
			files = (
			);
			runOnlyForDeploymentPostprocessing = 0;
		};
		835DAD6A22A12C6700E2C253 /* Resources */ = {
			isa = PBXResourcesBuildPhase;
			buildActionMask = 2147483647;
			files = (
			);
			runOnlyForDeploymentPostprocessing = 0;
		};
/* End PBXResourcesBuildPhase section */

/* Begin PBXShellScriptBuildPhase section */
		1E3365F2CFEC57A1487A1840 /* [CP] Check Pods Manifest.lock */ = {
			isa = PBXShellScriptBuildPhase;
			buildActionMask = 2147483647;
			files = (
			);
			inputFileListPaths = (
			);
			inputPaths = (
				"${PODS_PODFILE_DIR_PATH}/Podfile.lock",
				"${PODS_ROOT}/Manifest.lock",
			);
			name = "[CP] Check Pods Manifest.lock";
			outputFileListPaths = (
			);
			outputPaths = (
				"$(DERIVED_FILE_DIR)/Pods-SpartanPushUps-checkManifestLockResult.txt",
			);
			runOnlyForDeploymentPostprocessing = 0;
			shellPath = /bin/sh;
			shellScript = "diff \"${PODS_PODFILE_DIR_PATH}/Podfile.lock\" \"${PODS_ROOT}/Manifest.lock\" > /dev/null\nif [ $? != 0 ] ; then\n    # print error to STDERR\n    echo \"error: The sandbox is not in sync with the Podfile.lock. Run 'pod install' or update your CocoaPods installation.\" >&2\n    exit 1\nfi\n# This output is used by Xcode 'outputs' to avoid re-running this script phase.\necho \"SUCCESS\" > \"${SCRIPT_OUTPUT_FILE_0}\"\n";
			showEnvVarsInLog = 0;
		};
		2530DE9A2CA116B1E2984E04 /* [CP] Check Pods Manifest.lock */ = {
			isa = PBXShellScriptBuildPhase;
			buildActionMask = 2147483647;
			files = (
			);
			inputFileListPaths = (
			);
			inputPaths = (
				"${PODS_PODFILE_DIR_PATH}/Podfile.lock",
				"${PODS_ROOT}/Manifest.lock",
			);
			name = "[CP] Check Pods Manifest.lock";
			outputFileListPaths = (
			);
			outputPaths = (
				"$(DERIVED_FILE_DIR)/Pods-SpartanPushUpsUITests-checkManifestLockResult.txt",
			);
			runOnlyForDeploymentPostprocessing = 0;
			shellPath = /bin/sh;
			shellScript = "diff \"${PODS_PODFILE_DIR_PATH}/Podfile.lock\" \"${PODS_ROOT}/Manifest.lock\" > /dev/null\nif [ $? != 0 ] ; then\n    # print error to STDERR\n    echo \"error: The sandbox is not in sync with the Podfile.lock. Run 'pod install' or update your CocoaPods installation.\" >&2\n    exit 1\nfi\n# This output is used by Xcode 'outputs' to avoid re-running this script phase.\necho \"SUCCESS\" > \"${SCRIPT_OUTPUT_FILE_0}\"\n";
			showEnvVarsInLog = 0;
		};
		B2E1A9C418917914EC8D6B0D /* [CP] Check Pods Manifest.lock */ = {
			isa = PBXShellScriptBuildPhase;
			buildActionMask = 2147483647;
			files = (
			);
			inputFileListPaths = (
			);
			inputPaths = (
				"${PODS_PODFILE_DIR_PATH}/Podfile.lock",
				"${PODS_ROOT}/Manifest.lock",
			);
			name = "[CP] Check Pods Manifest.lock";
			outputFileListPaths = (
			);
			outputPaths = (
				"$(DERIVED_FILE_DIR)/Pods-SpartanPushUpsTests-checkManifestLockResult.txt",
			);
			runOnlyForDeploymentPostprocessing = 0;
			shellPath = /bin/sh;
			shellScript = "diff \"${PODS_PODFILE_DIR_PATH}/Podfile.lock\" \"${PODS_ROOT}/Manifest.lock\" > /dev/null\nif [ $? != 0 ] ; then\n    # print error to STDERR\n    echo \"error: The sandbox is not in sync with the Podfile.lock. Run 'pod install' or update your CocoaPods installation.\" >&2\n    exit 1\nfi\n# This output is used by Xcode 'outputs' to avoid re-running this script phase.\necho \"SUCCESS\" > \"${SCRIPT_OUTPUT_FILE_0}\"\n";
			showEnvVarsInLog = 0;
		};
/* End PBXShellScriptBuildPhase section */

/* Begin PBXSourcesBuildPhase section */
		835DAD4922A12C6200E2C253 /* Sources */ = {
			isa = PBXSourcesBuildPhase;
			buildActionMask = 2147483647;
			files = (
				8367F49F22A56CED00D68C2E /* DeviceProperties.swift in Sources */,
				8313FEF222B6658E00400EF9 /* DataHandler.swift in Sources */,
				83C63C2F22A94542003B911A /* ProgressBarView.swift in Sources */,
				838AD21822BB911F0051F9F5 /* VideoPlayer.swift in Sources */,
				83E8BEA422AF8EDD0050E201 /* AudioPlayer.swift in Sources */,
				836330C022BD05C00055B26F /* TabPicker.swift in Sources */,
				835DAD5322A12C6300E2C253 /* MainViewController.swift in Sources */,
				8367F49D22A561CE00D68C2E /* Neon.swift in Sources */,
				836330BE22BD02430055B26F /* SetupViewrModel.swift in Sources */,
				835DAD5122A12C6300E2C253 /* AppDelegate.swift in Sources */,
				8346468122A5314500FAF1C5 /* Config.swift in Sources */,
				836F8F0F22AA6E790020726B /* RoundNodeSeries.swift in Sources */,
				8346468322A5461C00FAF1C5 /* Extensions.swift in Sources */,
				8367F49B22A55BE700D68C2E /* SetupViewController.swift in Sources */,
				83E8BEAD22AFAA430050E201 /* MainViewModel.swift in Sources */,
			);
			runOnlyForDeploymentPostprocessing = 0;
		};
		835DAD5D22A12C6600E2C253 /* Sources */ = {
			isa = PBXSourcesBuildPhase;
			buildActionMask = 2147483647;
			files = (
				835DAD6622A12C6700E2C253 /* SpartanPushUpsTests.swift in Sources */,
			);
			runOnlyForDeploymentPostprocessing = 0;
		};
		835DAD6822A12C6700E2C253 /* Sources */ = {
			isa = PBXSourcesBuildPhase;
			buildActionMask = 2147483647;
			files = (
				835DAD7122A12C6700E2C253 /* SpartanPushUpsUITests.swift in Sources */,
			);
			runOnlyForDeploymentPostprocessing = 0;
		};
/* End PBXSourcesBuildPhase section */

/* Begin PBXTargetDependency section */
		835DAD6322A12C6600E2C253 /* PBXTargetDependency */ = {
			isa = PBXTargetDependency;
			target = 835DAD4C22A12C6200E2C253 /* SpartanPushUps */;
			targetProxy = 835DAD6222A12C6600E2C253 /* PBXContainerItemProxy */;
		};
		835DAD6E22A12C6700E2C253 /* PBXTargetDependency */ = {
			isa = PBXTargetDependency;
			target = 835DAD4C22A12C6200E2C253 /* SpartanPushUps */;
			targetProxy = 835DAD6D22A12C6700E2C253 /* PBXContainerItemProxy */;
		};
/* End PBXTargetDependency section */

/* Begin PBXVariantGroup section */
		835DAD5922A12C6600E2C253 /* LaunchScreen.storyboard */ = {
			isa = PBXVariantGroup;
			children = (
				835DAD5A22A12C6600E2C253 /* Base */,
			);
			name = LaunchScreen.storyboard;
			sourceTree = "<group>";
		};
/* End PBXVariantGroup section */

/* Begin XCBuildConfiguration section */
		835DAD7322A12C6700E2C253 /* Debug */ = {
			isa = XCBuildConfiguration;
			buildSettings = {
				ALWAYS_SEARCH_USER_PATHS = NO;
				CLANG_ANALYZER_NONNULL = YES;
				CLANG_ANALYZER_NUMBER_OBJECT_CONVERSION = YES_AGGRESSIVE;
				CLANG_CXX_LANGUAGE_STANDARD = "gnu++14";
				CLANG_CXX_LIBRARY = "libc++";
				CLANG_ENABLE_MODULES = YES;
				CLANG_ENABLE_OBJC_ARC = YES;
				CLANG_ENABLE_OBJC_WEAK = YES;
				CLANG_WARN_BLOCK_CAPTURE_AUTORELEASING = YES;
				CLANG_WARN_BOOL_CONVERSION = YES;
				CLANG_WARN_COMMA = YES;
				CLANG_WARN_CONSTANT_CONVERSION = YES;
				CLANG_WARN_DEPRECATED_OBJC_IMPLEMENTATIONS = YES;
				CLANG_WARN_DIRECT_OBJC_ISA_USAGE = YES_ERROR;
				CLANG_WARN_DOCUMENTATION_COMMENTS = YES;
				CLANG_WARN_EMPTY_BODY = YES;
				CLANG_WARN_ENUM_CONVERSION = YES;
				CLANG_WARN_INFINITE_RECURSION = YES;
				CLANG_WARN_INT_CONVERSION = YES;
				CLANG_WARN_NON_LITERAL_NULL_CONVERSION = YES;
				CLANG_WARN_OBJC_IMPLICIT_RETAIN_SELF = YES;
				CLANG_WARN_OBJC_LITERAL_CONVERSION = YES;
				CLANG_WARN_OBJC_ROOT_CLASS = YES_ERROR;
				CLANG_WARN_RANGE_LOOP_ANALYSIS = YES;
				CLANG_WARN_STRICT_PROTOTYPES = YES;
				CLANG_WARN_SUSPICIOUS_MOVE = YES;
				CLANG_WARN_UNGUARDED_AVAILABILITY = YES_AGGRESSIVE;
				CLANG_WARN_UNREACHABLE_CODE = YES;
				CLANG_WARN__DUPLICATE_METHOD_MATCH = YES;
				CODE_SIGN_IDENTITY = "iPhone Developer";
				COPY_PHASE_STRIP = NO;
				DEBUG_INFORMATION_FORMAT = dwarf;
				ENABLE_STRICT_OBJC_MSGSEND = YES;
				ENABLE_TESTABILITY = YES;
				GCC_C_LANGUAGE_STANDARD = gnu11;
				GCC_DYNAMIC_NO_PIC = NO;
				GCC_NO_COMMON_BLOCKS = YES;
				GCC_OPTIMIZATION_LEVEL = 0;
				GCC_PREPROCESSOR_DEFINITIONS = (
					"DEBUG=1",
					"$(inherited)",
				);
				GCC_WARN_64_TO_32_BIT_CONVERSION = YES;
				GCC_WARN_ABOUT_RETURN_TYPE = YES_ERROR;
				GCC_WARN_UNDECLARED_SELECTOR = YES;
				GCC_WARN_UNINITIALIZED_AUTOS = YES_AGGRESSIVE;
				GCC_WARN_UNUSED_FUNCTION = YES;
				GCC_WARN_UNUSED_VARIABLE = YES;
				IPHONEOS_DEPLOYMENT_TARGET = 12.1;
				MTL_ENABLE_DEBUG_INFO = INCLUDE_SOURCE;
				MTL_FAST_MATH = YES;
				ONLY_ACTIVE_ARCH = YES;
				SDKROOT = iphoneos;
				SWIFT_ACTIVE_COMPILATION_CONDITIONS = DEBUG;
				SWIFT_OPTIMIZATION_LEVEL = "-Onone";
			};
			name = Debug;
		};
		835DAD7422A12C6700E2C253 /* Release */ = {
			isa = XCBuildConfiguration;
			buildSettings = {
				ALWAYS_SEARCH_USER_PATHS = NO;
				CLANG_ANALYZER_NONNULL = YES;
				CLANG_ANALYZER_NUMBER_OBJECT_CONVERSION = YES_AGGRESSIVE;
				CLANG_CXX_LANGUAGE_STANDARD = "gnu++14";
				CLANG_CXX_LIBRARY = "libc++";
				CLANG_ENABLE_MODULES = YES;
				CLANG_ENABLE_OBJC_ARC = YES;
				CLANG_ENABLE_OBJC_WEAK = YES;
				CLANG_WARN_BLOCK_CAPTURE_AUTORELEASING = YES;
				CLANG_WARN_BOOL_CONVERSION = YES;
				CLANG_WARN_COMMA = YES;
				CLANG_WARN_CONSTANT_CONVERSION = YES;
				CLANG_WARN_DEPRECATED_OBJC_IMPLEMENTATIONS = YES;
				CLANG_WARN_DIRECT_OBJC_ISA_USAGE = YES_ERROR;
				CLANG_WARN_DOCUMENTATION_COMMENTS = YES;
				CLANG_WARN_EMPTY_BODY = YES;
				CLANG_WARN_ENUM_CONVERSION = YES;
				CLANG_WARN_INFINITE_RECURSION = YES;
				CLANG_WARN_INT_CONVERSION = YES;
				CLANG_WARN_NON_LITERAL_NULL_CONVERSION = YES;
				CLANG_WARN_OBJC_IMPLICIT_RETAIN_SELF = YES;
				CLANG_WARN_OBJC_LITERAL_CONVERSION = YES;
				CLANG_WARN_OBJC_ROOT_CLASS = YES_ERROR;
				CLANG_WARN_RANGE_LOOP_ANALYSIS = YES;
				CLANG_WARN_STRICT_PROTOTYPES = YES;
				CLANG_WARN_SUSPICIOUS_MOVE = YES;
				CLANG_WARN_UNGUARDED_AVAILABILITY = YES_AGGRESSIVE;
				CLANG_WARN_UNREACHABLE_CODE = YES;
				CLANG_WARN__DUPLICATE_METHOD_MATCH = YES;
				CODE_SIGN_IDENTITY = "iPhone Developer";
				COPY_PHASE_STRIP = NO;
				DEBUG_INFORMATION_FORMAT = "dwarf-with-dsym";
				ENABLE_NS_ASSERTIONS = NO;
				ENABLE_STRICT_OBJC_MSGSEND = YES;
				GCC_C_LANGUAGE_STANDARD = gnu11;
				GCC_NO_COMMON_BLOCKS = YES;
				GCC_WARN_64_TO_32_BIT_CONVERSION = YES;
				GCC_WARN_ABOUT_RETURN_TYPE = YES_ERROR;
				GCC_WARN_UNDECLARED_SELECTOR = YES;
				GCC_WARN_UNINITIALIZED_AUTOS = YES_AGGRESSIVE;
				GCC_WARN_UNUSED_FUNCTION = YES;
				GCC_WARN_UNUSED_VARIABLE = YES;
				IPHONEOS_DEPLOYMENT_TARGET = 12.1;
				MTL_ENABLE_DEBUG_INFO = NO;
				MTL_FAST_MATH = YES;
				SDKROOT = iphoneos;
				SWIFT_COMPILATION_MODE = wholemodule;
				SWIFT_OPTIMIZATION_LEVEL = "-O";
				VALIDATE_PRODUCT = YES;
			};
			name = Release;
		};
		835DAD7622A12C6700E2C253 /* Debug */ = {
			isa = XCBuildConfiguration;
			baseConfigurationReference = 6B7BAAD24A3B49E9EE9D828C /* Pods-SpartanPushUps.debug.xcconfig */;
			buildSettings = {
				ASSETCATALOG_COMPILER_APPICON_NAME = AppIcon;
				CODE_SIGN_STYLE = Automatic;
				DEVELOPMENT_TEAM = 72BCA2FACA;
				INFOPLIST_FILE = SpartanPushUps/Info.plist;
				LD_RUNPATH_SEARCH_PATHS = (
					"$(inherited)",
					"@executable_path/Frameworks",
				);
				PRODUCT_BUNDLE_IDENTIFIER = com.tech387.SpartanPushUps;
				PRODUCT_NAME = "$(TARGET_NAME)";
				SWIFT_VERSION = 4.2;
				TARGETED_DEVICE_FAMILY = "1,2";
			};
			name = Debug;
		};
		835DAD7722A12C6700E2C253 /* Release */ = {
			isa = XCBuildConfiguration;
			baseConfigurationReference = C3C907DF56A9D6580A9D4633 /* Pods-SpartanPushUps.release.xcconfig */;
			buildSettings = {
				ASSETCATALOG_COMPILER_APPICON_NAME = AppIcon;
				CODE_SIGN_STYLE = Automatic;
				DEVELOPMENT_TEAM = 72BCA2FACA;
				INFOPLIST_FILE = SpartanPushUps/Info.plist;
				LD_RUNPATH_SEARCH_PATHS = (
					"$(inherited)",
					"@executable_path/Frameworks",
				);
				PRODUCT_BUNDLE_IDENTIFIER = com.tech387.SpartanPushUps;
				PRODUCT_NAME = "$(TARGET_NAME)";
				SWIFT_VERSION = 4.2;
				TARGETED_DEVICE_FAMILY = "1,2";
			};
			name = Release;
		};
		835DAD7922A12C6700E2C253 /* Debug */ = {
			isa = XCBuildConfiguration;
			baseConfigurationReference = BFA53BA2657D5C709ACDD339 /* Pods-SpartanPushUpsTests.debug.xcconfig */;
			buildSettings = {
				ALWAYS_EMBED_SWIFT_STANDARD_LIBRARIES = YES;
				BUNDLE_LOADER = "$(TEST_HOST)";
				CODE_SIGN_STYLE = Automatic;
				INFOPLIST_FILE = SpartanPushUpsTests/Info.plist;
				LD_RUNPATH_SEARCH_PATHS = (
					"$(inherited)",
					"@executable_path/Frameworks",
					"@loader_path/Frameworks",
				);
				PRODUCT_BUNDLE_IDENTIFIER = com.tech387.SpartanPushUpsTests;
				PRODUCT_NAME = "$(TARGET_NAME)";
				SWIFT_VERSION = 4.2;
				TARGETED_DEVICE_FAMILY = "1,2";
				TEST_HOST = "$(BUILT_PRODUCTS_DIR)/SpartanPushUps.app/SpartanPushUps";
			};
			name = Debug;
		};
		835DAD7A22A12C6700E2C253 /* Release */ = {
			isa = XCBuildConfiguration;
			baseConfigurationReference = 92CC24832F3D06518A28FE28 /* Pods-SpartanPushUpsTests.release.xcconfig */;
			buildSettings = {
				ALWAYS_EMBED_SWIFT_STANDARD_LIBRARIES = YES;
				BUNDLE_LOADER = "$(TEST_HOST)";
				CODE_SIGN_STYLE = Automatic;
				INFOPLIST_FILE = SpartanPushUpsTests/Info.plist;
				LD_RUNPATH_SEARCH_PATHS = (
					"$(inherited)",
					"@executable_path/Frameworks",
					"@loader_path/Frameworks",
				);
				PRODUCT_BUNDLE_IDENTIFIER = com.tech387.SpartanPushUpsTests;
				PRODUCT_NAME = "$(TARGET_NAME)";
				SWIFT_VERSION = 4.2;
				TARGETED_DEVICE_FAMILY = "1,2";
				TEST_HOST = "$(BUILT_PRODUCTS_DIR)/SpartanPushUps.app/SpartanPushUps";
			};
			name = Release;
		};
		835DAD7C22A12C6700E2C253 /* Debug */ = {
			isa = XCBuildConfiguration;
			baseConfigurationReference = 891129C041E3AA2B820559A7 /* Pods-SpartanPushUpsUITests.debug.xcconfig */;
			buildSettings = {
				ALWAYS_EMBED_SWIFT_STANDARD_LIBRARIES = YES;
				CODE_SIGN_STYLE = Automatic;
				INFOPLIST_FILE = SpartanPushUpsUITests/Info.plist;
				LD_RUNPATH_SEARCH_PATHS = (
					"$(inherited)",
					"@executable_path/Frameworks",
					"@loader_path/Frameworks",
				);
				PRODUCT_BUNDLE_IDENTIFIER = com.tech387.SpartanPushUpsUITests;
				PRODUCT_NAME = "$(TARGET_NAME)";
				SWIFT_VERSION = 4.2;
				TARGETED_DEVICE_FAMILY = "1,2";
				TEST_TARGET_NAME = SpartanPushUps;
			};
			name = Debug;
		};
		835DAD7D22A12C6700E2C253 /* Release */ = {
			isa = XCBuildConfiguration;
			baseConfigurationReference = 0554D75C386AF65060B0479C /* Pods-SpartanPushUpsUITests.release.xcconfig */;
			buildSettings = {
				ALWAYS_EMBED_SWIFT_STANDARD_LIBRARIES = YES;
				CODE_SIGN_STYLE = Automatic;
				INFOPLIST_FILE = SpartanPushUpsUITests/Info.plist;
				LD_RUNPATH_SEARCH_PATHS = (
					"$(inherited)",
					"@executable_path/Frameworks",
					"@loader_path/Frameworks",
				);
				PRODUCT_BUNDLE_IDENTIFIER = com.tech387.SpartanPushUpsUITests;
				PRODUCT_NAME = "$(TARGET_NAME)";
				SWIFT_VERSION = 4.2;
				TARGETED_DEVICE_FAMILY = "1,2";
				TEST_TARGET_NAME = SpartanPushUps;
			};
			name = Release;
		};
/* End XCBuildConfiguration section */

/* Begin XCConfigurationList section */
		835DAD4822A12C6200E2C253 /* Build configuration list for PBXProject "SpartanPushUps" */ = {
			isa = XCConfigurationList;
			buildConfigurations = (
				835DAD7322A12C6700E2C253 /* Debug */,
				835DAD7422A12C6700E2C253 /* Release */,
			);
			defaultConfigurationIsVisible = 0;
			defaultConfigurationName = Release;
		};
		835DAD7522A12C6700E2C253 /* Build configuration list for PBXNativeTarget "SpartanPushUps" */ = {
			isa = XCConfigurationList;
			buildConfigurations = (
				835DAD7622A12C6700E2C253 /* Debug */,
				835DAD7722A12C6700E2C253 /* Release */,
			);
			defaultConfigurationIsVisible = 0;
			defaultConfigurationName = Release;
		};
		835DAD7822A12C6700E2C253 /* Build configuration list for PBXNativeTarget "SpartanPushUpsTests" */ = {
			isa = XCConfigurationList;
			buildConfigurations = (
				835DAD7922A12C6700E2C253 /* Debug */,
				835DAD7A22A12C6700E2C253 /* Release */,
			);
			defaultConfigurationIsVisible = 0;
			defaultConfigurationName = Release;
		};
		835DAD7B22A12C6700E2C253 /* Build configuration list for PBXNativeTarget "SpartanPushUpsUITests" */ = {
			isa = XCConfigurationList;
			buildConfigurations = (
				835DAD7C22A12C6700E2C253 /* Debug */,
				835DAD7D22A12C6700E2C253 /* Release */,
			);
			defaultConfigurationIsVisible = 0;
			defaultConfigurationName = Release;
		};
/* End XCConfigurationList section */
	};
	rootObject = 835DAD4522A12C6200E2C253 /* Project object */;
}
